{
  "name": "skies-app",
  "lockfileVersion": 3,
  "requires": true,
  "packages": {
    "": {
      "name": "skies-app",
      "devDependencies": {
        "assay-design": "https://github.com/lucasrgt/assay-design/releases/download/v0.7.3/assay-design-0.7.3.tgz",
        "lefthook": "^1.13.6"
      },
      "engines": {
        "node": ">=24"
      }
    },
    "node_modules/@modelcontextprotocol/core": {
      "version": "2.0.0",
      "resolved": "https://registry.npmjs.org/@modelcontextprotocol/core/-/core-2.0.0.tgz",
      "integrity": "sha512-pJCEwGG7Lfr/+PQp9ZTwKXNeO5wzbfKL7H3MYpCorM4oFBoQrdjnBgEoqG+RjhsvS1FKrDbKux+M1HhlnGWqcA==",
      "dev": true,
      "license": "MIT",
      "dependencies": {
        "zod": "^4.2.0"
      },
      "engines": {
        "node": ">=20"
      }
    },
    "node_modules/@modelcontextprotocol/server": {
      "version": "2.0.0",
      "resolved": "https://registry.npmjs.org/@modelcontextprotocol/server/-/server-2.0.0.tgz",
      "integrity": "sha512-YhHWdHfpFMQfd0prsEnxKeS3Qz3ytIGmsS0sth4KDjnacIT7hxk6hXHkJ9KysxlkvTM+WZAtQbbcUhdoP4Hvtw==",
      "dev": true,
      "license": "MIT",
      "dependencies": {
        "@modelcontextprotocol/core": "2.0.0",
        "zod": "^4.2.0"
      },
      "engines": {
        "node": ">=20"
      }
    },
    "node_modules/assay-design": {
      "version": "0.7.3",
      "resolved": "https://github.com/lucasrgt/assay-design/releases/download/v0.7.3/assay-design-0.7.3.tgz",
      "integrity": "sha512-8mbO2+o7spXSsvjPQhlE9FxtPsS1ZmBSO8ftHGpAUwTEZ6NF8EBh82RCftOyKQvZOH6ND4Q7gX/k7w1v1Nw5DQ==",
      "dev": true,
      "license": "MIT",
      "dependencies": {
        "@modelcontextprotocol/server": "^2.0.0",
        "avp-assay": "^0.4.0",
        "smol-toml": "^1.7.1",
        "zod": "^4.0.0"
      },
      "bin": {
        "assay-design": "dist/cli.js"
      },
      "engines": {
        "node": ">=24"
      },
      "peerDependencies": {
        "react": ">=18",
        "storybook": "^10.0.0",
        "storybook-addon-pseudo-states": "^10.5.5"
      },
      "peerDependenciesMeta": {
        "react": {
          "optional": true
        },
        "storybook": {
          "optional": true
        },
        "storybook-addon-pseudo-states": {
          "optional": true
        }
      }
    },
    "node_modules/avp-assay": {
      "version": "0.4.0",
      "resolved": "https://registry.npmjs.org/avp-assay/-/avp-assay-0.4.0.tgz",
      "integrity": "sha512-LYhebmwSfdUgWeE/OocUwR3YTfFX1JbhIsgAR/1Gr5HW/IOSdDk0O9+Ek8cL7QW9hZEKu/lFVsgyP6lHMknSCA==",
      "dev": true,
      "license": "MIT",
      "workspaces": [
        "examples/*"
      ],
      "bin": {
        "assay": "bin/assay.mjs"
      },
      "engines": {
        "node": ">=20"
      },
      "peerDependencies": {
        "@anthropic-ai/sdk": ">=0.40.0",
        "@tanstack/react-router": ">=1",
        "@testing-library/react": ">=16",
        "@testing-library/user-event": ">=14",
        "jsdom": ">=25",
        "msw": ">=2.6",
        "puppeteer-core": ">=23",
        "react": ">=18",
        "react-dom": ">=18",
        "vitest": ">=2"
      },
      "peerDependenciesMeta": {
        "@anthropic-ai/sdk": {
          "optional": true
        },
        "@tanstack/react-router": {
          "optional": true
        },
        "@testing-library/react": {
          "optional": true
        },
        "@testing-library/user-event": {
          "optional": true
        },
        "jsdom": {
          "optional": true
        },
        "msw": {
          "optional": true
        },
        "puppeteer-core": {
          "optional": true
        },
        "react": {
          "optional": true
        },
        "react-dom": {
          "optional": true
        },
        "vitest": {
          "optional": true
        }
      }
    },
    "node_modules/lefthook": {
      "version": "1.13.6",
      "resolved": "https://registry.npmjs.org/lefthook/-/lefthook-1.13.6.tgz",
      "integrity": "sha512-ojj4/4IJ29Xn4drd5emqVgilegAPN3Kf0FQM2p/9+lwSTpU+SZ1v4Ig++NF+9MOa99UKY8bElmVrLhnUUNFh5g==",
      "dev": true,
      "hasInstallScript": true,
      "license": "MIT",
      "bin": {
        "lefthook": "bin/index.js"
      },
      "optionalDependencies": {
        "lefthook-darwin-arm64": "1.13.6",
        "lefthook-darwin-x64": "1.13.6",
        "lefthook-freebsd-arm64": "1.13.6",
        "lefthook-freebsd-x64": "1.13.6",
        "lefthook-linux-arm64": "1.13.6",
        "lefthook-linux-x64": "1.13.6",
        "lefthook-openbsd-arm64": "1.13.6",
        "lefthook-openbsd-x64": "1.13.6",
        "lefthook-windows-arm64": "1.13.6",
        "lefthook-windows-x64": "1.13.6"
      }
    },
    "node_modules/lefthook-darwin-arm64": {
      "version": "1.13.6",
      "resolved": "https://registry.npmjs.org/lefthook-darwin-arm64/-/lefthook-darwin-arm64-1.13.6.tgz",
      "integrity": "sha512-m6Lb77VGc84/Qo21Lhq576pEvcgFCnvloEiP02HbAHcIXD0RTLy9u2yAInrixqZeaz13HYtdDaI7OBYAAdVt8A==",
      "cpu": [
        "arm64"
      ],
      "dev": true,
      "license": "MIT",
      "optional": true,
      "os": [
        "darwin"
      ]
    },
    "node_modules/lefthook-darwin-x64": {
      "version": "1.13.6",
      "resolved": "https://registry.npmjs.org/lefthook-darwin-x64/-/lefthook-darwin-x64-1.13.6.tgz",
      "integrity": "sha512-CoRpdzanu9RK3oXR1vbEJA5LN7iB+c7hP+sONeQJzoOXuq4PNKVtEaN84Gl1BrVtCNLHWFAvCQaZPPiiXSy8qg==",
      "cpu": [
        "x64"
      ],
      "dev": true,
      "license": "MIT",
      "optional": true,
      "os": [
        "darwin"
      ]
    },
    "node_modules/lefthook-freebsd-arm64": {
      "version": "1.13.6",
      "resolved": "https://registry.npmjs.org/lefthook-freebsd-arm64/-/lefthook-freebsd-arm64-1.13.6.tgz",
      "integrity": "sha512-X4A7yfvAJ68CoHTqP+XvQzdKbyd935sYy0bQT6Ajz7FL1g7hFiro8dqHSdPdkwei9hs8hXeV7feyTXbYmfjKQQ==",
      "cpu": [
        "arm64"
      ],
      "dev": true,
      "license": "MIT",
      "optional": true,
      "os": [
        "freebsd"
      ]
    },
    "node_modules/lefthook-freebsd-x64": {
      "version": "1.13.6",
      "resolved": "https://registry.npmjs.org/lefthook-freebsd-x64/-/lefthook-freebsd-x64-1.13.6.tgz",
      "integrity": "sha512-ai2m+Sj2kGdY46USfBrCqLKe9GYhzeq01nuyDYCrdGISePeZ6udOlD1k3lQKJGQCHb0bRz4St0r5nKDSh1x/2A==",
      "cpu": [
        "x64"
      ],
      "dev": true,
      "license": "MIT",
      "optional": true,
      "os": [
        "freebsd"
      ]
    },
    "node_modules/lefthook-linux-arm64": {
      "version": "1.13.6",
      "resolved": "https://registry.npmjs.org/lefthook-linux-arm64/-/lefthook-linux-arm64-1.13.6.tgz",
      "integrity": "sha512-cbo4Wtdq81GTABvikLORJsAWPKAJXE8Q5RXsICFUVznh5PHigS9dFW/4NXywo0+jfFPCT6SYds2zz4tCx6DA0Q==",
      "cpu": [
        "arm64"
      ],
      "dev": true,
      "license": "MIT",
      "optional": true,
      "os": [
        "linux"
      ]
    },
    "node_modules/lefthook-linux-x64": {
      "version": "1.13.6",
      "resolved": "https://registry.npmjs.org/lefthook-linux-x64/-/lefthook-linux-x64-1.13.6.tgz",
      "integrity": "sha512-uJl9vjCIIBTBvMZkemxCE+3zrZHlRO7Oc+nZJ+o9Oea3fu+W82jwX7a7clw8jqNfaeBS+8+ZEQgiMHWCloTsGw==",
      "cpu": [
        "x64"
      ],
      "dev": true,
      "license": "MIT",
      "optional": true,
      "os": [
        "linux"
      ]
    },
    "node_modules/lefthook-openbsd-arm64": {
      "version": "1.13.6",
      "resolved": "https://registry.npmjs.org/lefthook-openbsd-arm64/-/lefthook-openbsd-arm64-1.13.6.tgz",
      "integrity": "sha512-7r153dxrNRQ9ytRs2PmGKKkYdvZYFPre7My7XToSTiRu5jNCq++++eAKVkoyWPduk97dGIA+YWiEr5Noe0TK2A==",
      "cpu": [
        "arm64"
      ],
      "dev": true,
      "license": "MIT",
      "optional": true,
      "os": [
        "openbsd"
      ]
    },
    "node_modules/lefthook-openbsd-x64": {
      "version": "1.13.6",
      "resolved": "https://registry.npmjs.org/lefthook-openbsd-x64/-/lefthook-openbsd-x64-1.13.6.tgz",
      "integrity": "sha512-Z+UhLlcg1xrXOidK3aLLpgH7KrwNyWYE3yb7ITYnzJSEV8qXnePtVu8lvMBHs/myzemjBzeIr/U/+ipjclR06g==",
      "cpu": [
        "x64"
      ],
      "dev": true,
      "license": "MIT",
      "optional": true,
      "os": [
        "openbsd"
      ]
    },
    "node_modules/lefthook-windows-arm64": {
      "version": "1.13.6",
      "resolved": "https://registry.npmjs.org/lefthook-windows-arm64/-/lefthook-windows-arm64-1.13.6.tgz",
      "integrity": "sha512-Uxef6qoDxCmUNQwk8eBvddYJKSBFglfwAY9Y9+NnnmiHpWTjjYiObE9gT2mvGVpEgZRJVAatBXc+Ha5oDD/OgQ==",
      "cpu": [
        "arm64"
      ],
      "dev": true,
      "license": "MIT",
      "optional": true,
      "os": [
        "win32"
      ]
    },
    "node_modules/lefthook-windows-x64": {
      "version": "1.13.6",
      "resolved": "https://registry.npmjs.org/lefthook-windows-x64/-/lefthook-windows-x64-1.13.6.tgz",
      "integrity": "sha512-mOZoM3FQh3o08M8PQ/b3IYuL5oo36D9ehczIw1dAgp1Ly+Tr4fJ96A+4SEJrQuYeRD4mex9bR7Ps56I73sBSZA==",
      "cpu": [
        "x64"
      ],
      "dev": true,
      "license": "MIT",
      "optional": true,
      "os": [
        "win32"
      ]
    },
    "node_modules/smol-toml": {
      "version": "1.7.1",
      "resolved": "https://registry.npmjs.org/smol-toml/-/smol-toml-1.7.1.tgz",
      "integrity": "sha512-PPlsspAZ4jbMBu5DMFhfUGDQLu/vrL4SyBROVS37x8ynnVmFIs1VPBz1Co8Xks3TvpIaZXmU85y4DrQ+UyVFoQ==",
      "dev": true,
      "license": "BSD-3-Clause",
      "engines": {
        "node": ">= 18"
      },
      "funding": {
        "url": "https://github.com/sponsors/cyyynthia"
      }
    },
    "node_modules/zod": {
      "version": "4.4.3",
      "resolved": "https://registry.npmjs.org/zod/-/zod-4.4.3.tgz",
      "integrity": "sha512-ytENFjIJFl2UwYglde2jchW2Hwm4GJFLDiSXWdTrJQBIN9Fcyp7n4DhxJEiWNAJMV1/BqWfW/kkg71UDcHJyTQ==",
      "dev": true,
      "license": "MIT",
      "funding": {
        "url": "https://github.com/sponsors/colinhacks"
      }
    }
  }
}
